
Microsoft Visual Studio Solution File, Format Version 12.00
# Visual Studio Version 17
VisualStudioVersion = 17.9.34714.143
MinimumVisualStudioVersion = 10.0.40219.1
Project("{FAE04EC0-301F-11D3-BF4B-00C04F79EFBC}") = "TestProject", "TestProject.csproj", "{28B8D57C-7B8B-480C-8356-89A5E333A247}"
EndProject
Global
	GlobalSection(SolutionConfigurationPlatforms) = preSolution
		Debug|Any CPU = Debug|Any CPU
		Release|Any CPU = Release|Any CPU
	EndGlobalSection
	GlobalSection(ProjectConfigurationPlatforms) = postSolution
		{28B8D57C-7B8B-480C-8356-89A5E333A247}.Debug|Any CPU.ActiveCfg = Debug|Any CPU
		{28B8D57C-7B8B-480C-8356-89A5E333A247}.Debug|Any CPU.Build.0 = Debug|Any CPU
		{28B8D57C-7B8B-480C-8356-89A5E333A247}.Release|Any CPU.ActiveCfg = Release|Any CPU
		{28B8D57C-7B8B-480C-8356-89A5E333A247}.Release|Any CPU.Build.0 = Release|Any CPU
	EndGlobalSection
	GlobalSection(SolutionProperties) = preSolution
		HideSolutionNode = FALSE
	EndGlobalSection
	GlobalSection(ExtensibilityGlobals) = postSolution
		SolutionGuid = {FF02C353-129B-414C-B543-9A31C739939F}
	EndGlobalSection
EndGlobal
